
Microsoft Visual Studio Solution File, Format Version 12.00
# Visual Studio Version 16
VisualStudioVersion = 16.0.31019.35
MinimumVisualStudioVersion = 10.0.40219.1
Project("{FAE04EC0-301F-11D3-BF4B-00C04F79EFBC}") = "ChatApp", "ChatApp\ChatApp.csproj", "{0871B222-09C4-4442-BFE7-FB5A391485FD}"
EndProject
Global
	GlobalSection(SolutionConfigurationPlatforms) = preSolution
		Debug|Any CPU = Debug|Any CPU
		Release|Any CPU = Release|Any CPU
	EndGlobalSection
	GlobalSection(ProjectConfigurationPlatforms) = postSolution
		{0871B222-09C4-4442-BFE7-FB5A391485FD}.Debug|Any CPU.ActiveCfg = Debug|Any CPU
		{0871B222-09C4-4442-BFE7-FB5A391485FD}.Debug|Any CPU.Build.0 = Debug|Any CPU
		{0871B222-09C4-4442-BFE7-FB5A391485FD}.Release|Any CPU.ActiveCfg = Release|Any CPU
		{0871B222-09C4-4442-BFE7-FB5A391485FD}.Release|Any CPU.Build.0 = Release|Any CPU
	EndGlobalSection
	GlobalSection(SolutionProperties) = preSolution
		HideSolutionNode = FALSE
	EndGlobalSection
	GlobalSection(ExtensibilityGlobals) = postSolution
		SolutionGuid = {8D9A3B7A-DB9E-4013-BB82-D60A69372823}
	EndGlobalSection
EndGlobal
